
Microsoft Visual Studio Solution File, Format Version 12.00
# Visual Studio Version 17
VisualStudioVersion = 17.0.31808.319
MinimumVisualStudioVersion = 10.0.40219.1
Project("{FAE04EC0-301F-11D3-BF4B-00C04F79EFBC}") = "DadTalks", "DadTalks\DadTalks.csproj", "{783D9B14-D7B8-4B84-9F37-856FE5BF5815}"
EndProject
Global
	GlobalSection(SolutionConfigurationPlatforms) = preSolution
		Debug|Any CPU = Debug|Any CPU
		Release|Any CPU = Release|Any CPU
	EndGlobalSection
	GlobalSection(ProjectConfigurationPlatforms) = postSolution
		{783D9B14-D7B8-4B84-9F37-856FE5BF5815}.Debug|Any CPU.ActiveCfg = Debug|Any CPU
		{783D9B14-D7B8-4B84-9F37-856FE5BF5815}.Debug|Any CPU.Build.0 = Debug|Any CPU
		{783D9B14-D7B8-4B84-9F37-856FE5BF5815}.Release|Any CPU.ActiveCfg = Release|Any CPU
		{783D9B14-D7B8-4B84-9F37-856FE5BF5815}.Release|Any CPU.Build.0 = Release|Any CPU
	EndGlobalSection
	GlobalSection(SolutionProperties) = preSolution
		HideSolutionNode = FALSE
	EndGlobalSection
	GlobalSection(ExtensibilityGlobals) = postSolution
		SolutionGuid = {53765E2D-58CD-438D-B264-B8E0014A38C5}
	EndGlobalSection
EndGlobal
